
Microsoft Visual Studio Solution File, Format Version 12.00
# Visual Studio Version 17
VisualStudioVersion = 17.4.33205.214
MinimumVisualStudioVersion = 10.0.40219.1
Project("{FAE04EC0-301F-11D3-BF4B-00C04F79EFBC}") = "CA3", "CA3\CA3.csproj", "{8F95609D-7CAC-4D5F-BC0E-E69B37F6067A}"
EndProject
Global
	GlobalSection(SolutionConfigurationPlatforms) = preSolution
		Debug|Any CPU = Debug|Any CPU
		Release|Any CPU = Release|Any CPU
	EndGlobalSection
	GlobalSection(ProjectConfigurationPlatforms) = postSolution
		{8F95609D-7CAC-4D5F-BC0E-E69B37F6067A}.Debug|Any CPU.ActiveCfg = Debug|Any CPU
		{8F95609D-7CAC-4D5F-BC0E-E69B37F6067A}.Debug|Any CPU.Build.0 = Debug|Any CPU
		{8F95609D-7CAC-4D5F-BC0E-E69B37F6067A}.Release|Any CPU.ActiveCfg = Release|Any CPU
		{8F95609D-7CAC-4D5F-BC0E-E69B37F6067A}.Release|Any CPU.Build.0 = Release|Any CPU
	EndGlobalSection
	GlobalSection(SolutionProperties) = preSolution
		HideSolutionNode = FALSE
	EndGlobalSection
	GlobalSection(ExtensibilityGlobals) = postSolution
		SolutionGuid = {ECE13906-74E0-4F2E-90F4-1794C02B4270}
	EndGlobalSection
EndGlobal
